
Microsoft Visual Studio Solution File, Format Version 12.00
# Visual Studio Version 16
VisualStudioVersion = 16.0.31424.327
MinimumVisualStudioVersion = 10.0.40219.1
Project("{FAE04EC0-301F-11D3-BF4B-00C04F79EFBC}") = "RealEstateProject", "RealEstateProject\RealEstateProject.csproj", "{E44250A8-50E2-4CAA-B511-04ABB83C2811}"
EndProject
Global
	GlobalSection(SolutionConfigurationPlatforms) = preSolution
		Debug|Any CPU = Debug|Any CPU
		Release|Any CPU = Release|Any CPU
	EndGlobalSection
	GlobalSection(ProjectConfigurationPlatforms) = postSolution
		{E44250A8-50E2-4CAA-B511-04ABB83C2811}.Debug|Any CPU.ActiveCfg = Debug|Any CPU
		{E44250A8-50E2-4CAA-B511-04ABB83C2811}.Debug|Any CPU.Build.0 = Debug|Any CPU
		{E44250A8-50E2-4CAA-B511-04ABB83C2811}.Release|Any CPU.ActiveCfg = Release|Any CPU
		{E44250A8-50E2-4CAA-B511-04ABB83C2811}.Release|Any CPU.Build.0 = Release|Any CPU
	EndGlobalSection
	GlobalSection(SolutionProperties) = preSolution
		HideSolutionNode = FALSE
	EndGlobalSection
	GlobalSection(ExtensibilityGlobals) = postSolution
		SolutionGuid = {C1779D8F-4A78-4BF7-9F4D-A5C4A75A67E5}
	EndGlobalSection
EndGlobal
