
Microsoft Visual Studio Solution File, Format Version 12.00
# Visual Studio Version 16
VisualStudioVersion = 16.0.31702.278
MinimumVisualStudioVersion = 10.0.40219.1
Project("{FAE04EC0-301F-11D3-BF4B-00C04F79EFBC}") = "VARProject", "VARProject\VARProject.csproj", "{F7F462B3-49A7-430C-96AC-0B0523219731}"
EndProject
Global
	GlobalSection(SolutionConfigurationPlatforms) = preSolution
		Debug|Any CPU = Debug|Any CPU
		Release|Any CPU = Release|Any CPU
	EndGlobalSection
	GlobalSection(ProjectConfigurationPlatforms) = postSolution
		{F7F462B3-49A7-430C-96AC-0B0523219731}.Debug|Any CPU.ActiveCfg = Debug|Any CPU
		{F7F462B3-49A7-430C-96AC-0B0523219731}.Debug|Any CPU.Build.0 = Debug|Any CPU
		{F7F462B3-49A7-430C-96AC-0B0523219731}.Release|Any CPU.ActiveCfg = Release|Any CPU
		{F7F462B3-49A7-430C-96AC-0B0523219731}.Release|Any CPU.Build.0 = Release|Any CPU
	EndGlobalSection
	GlobalSection(SolutionProperties) = preSolution
		HideSolutionNode = FALSE
	EndGlobalSection
	GlobalSection(ExtensibilityGlobals) = postSolution
		SolutionGuid = {50CB8BF0-9697-4C5F-B48D-A4B84E6776E4}
	EndGlobalSection
EndGlobal
